
Microsoft Visual Studio Solution File, Format Version 12.00
# Visual Studio Version 16
VisualStudioVersion = 16.0.30717.126
MinimumVisualStudioVersion = 10.0.40219.1
Project("{2150E333-8FDC-42A3-9474-1A3956D46DE8}") = "src", "src", "{4AAF219A-E3B5-48DB-BCDE-4B02D0606C4C}"
EndProject
Project("{2150E333-8FDC-42A3-9474-1A3956D46DE8}") = "tests", "tests", "{D7F0D48D-373D-4B54-9426-6065AE13B44B}"
EndProject
Project("{9A19103F-16F7-4668-BE54-9A1E7A4F7556}") = "Resources", "src\Resources\Resources.csproj", "{FCBC4AEE-FE08-467F-B396-BB07117CAA05}"
EndProject
Project("{9A19103F-16F7-4668-BE54-9A1E7A4F7556}") = "ResourcesTests", "tests\ResourcesTests\ResourcesTests.csproj", "{BF10A767-82F3-4463-BF54-D6D0443D23EE}"
EndProject
Global
	GlobalSection(SolutionConfigurationPlatforms) = preSolution
		Debug|Any CPU = Debug|Any CPU
		Release|Any CPU = Release|Any CPU
	EndGlobalSection
	GlobalSection(ProjectConfigurationPlatforms) = postSolution
		{FCBC4AEE-FE08-467F-B396-BB07117CAA05}.Debug|Any CPU.ActiveCfg = Debug|Any CPU
		{FCBC4AEE-FE08-467F-B396-BB07117CAA05}.Debug|Any CPU.Build.0 = Debug|Any CPU
		{FCBC4AEE-FE08-467F-B396-BB07117CAA05}.Release|Any CPU.ActiveCfg = Release|Any CPU
		{FCBC4AEE-FE08-467F-B396-BB07117CAA05}.Release|Any CPU.Build.0 = Release|Any CPU
		{BF10A767-82F3-4463-BF54-D6D0443D23EE}.Debug|Any CPU.ActiveCfg = Debug|Any CPU
		{BF10A767-82F3-4463-BF54-D6D0443D23EE}.Debug|Any CPU.Build.0 = Debug|Any CPU
		{BF10A767-82F3-4463-BF54-D6D0443D23EE}.Release|Any CPU.ActiveCfg = Release|Any CPU
		{BF10A767-82F3-4463-BF54-D6D0443D23EE}.Release|Any CPU.Build.0 = Release|Any CPU
	EndGlobalSection
	GlobalSection(SolutionProperties) = preSolution
		HideSolutionNode = FALSE
	EndGlobalSection
	GlobalSection(NestedProjects) = preSolution
		{FCBC4AEE-FE08-467F-B396-BB07117CAA05} = {4AAF219A-E3B5-48DB-BCDE-4B02D0606C4C}
		{BF10A767-82F3-4463-BF54-D6D0443D23EE} = {D7F0D48D-373D-4B54-9426-6065AE13B44B}
	EndGlobalSection
	GlobalSection(ExtensibilityGlobals) = postSolution
		SolutionGuid = {CC7DDA3B-00EC-4B9E-B382-6B2A6409F2EF}
	EndGlobalSection
EndGlobal
